
Microsoft Visual Studio Solution File, Format Version 12.00
# Visual Studio Version 17
VisualStudioVersion = 17.9.34701.34
MinimumVisualStudioVersion = 10.0.40219.1
Project("{FAE04EC0-301F-11D3-BF4B-00C04F79EFBC}") = "PrograII_Proyecto-2_BasesdeDatos", "PrograII_Proyecto-2_BasesdeDatos\PrograII_Proyecto-2_BasesdeDatos.csproj", "{30B9BE1E-B189-4D15-87FC-01230CA41860}"
EndProject
Global
	GlobalSection(SolutionConfigurationPlatforms) = preSolution
		Debug|Any CPU = Debug|Any CPU
		Release|Any CPU = Release|Any CPU
	EndGlobalSection
	GlobalSection(ProjectConfigurationPlatforms) = postSolution
		{30B9BE1E-B189-4D15-87FC-01230CA41860}.Debug|Any CPU.ActiveCfg = Debug|Any CPU
		{30B9BE1E-B189-4D15-87FC-01230CA41860}.Debug|Any CPU.Build.0 = Debug|Any CPU
		{30B9BE1E-B189-4D15-87FC-01230CA41860}.Release|Any CPU.ActiveCfg = Release|Any CPU
		{30B9BE1E-B189-4D15-87FC-01230CA41860}.Release|Any CPU.Build.0 = Release|Any CPU
	EndGlobalSection
	GlobalSection(SolutionProperties) = preSolution
		HideSolutionNode = FALSE
	EndGlobalSection
	GlobalSection(ExtensibilityGlobals) = postSolution
		SolutionGuid = {8A113635-2F44-4D38-AC18-A749EEEB9D26}
	EndGlobalSection
EndGlobal
